
Microsoft Visual Studio Solution File, Format Version 12.00
# Visual Studio Version 16
VisualStudioVersion = 16.0.33529.622
MinimumVisualStudioVersion = 10.0.40219.1
Project("{FAE04EC0-301F-11D3-BF4B-00C04F79EFBC}") = "Lab7Ex2", "Lab7Ex2\Lab7Ex2.csproj", "{953524DD-C19A-4267-83D5-CC570F2BC9F5}"
EndProject
Project("{9A19103F-16F7-4668-BE54-9A1E7A4F7556}") = "Lab7Ex1", "..\Lab7Ex1\Lab7Ex1\Lab7Ex1.csproj", "{8A5F9D02-7C28-4DBB-8DF9-9F46EB7BF850}"
EndProject
Global
	GlobalSection(SolutionConfigurationPlatforms) = preSolution
		Debug|Any CPU = Debug|Any CPU
		Release|Any CPU = Release|Any CPU
	EndGlobalSection
	GlobalSection(ProjectConfigurationPlatforms) = postSolution
		{953524DD-C19A-4267-83D5-CC570F2BC9F5}.Debug|Any CPU.ActiveCfg = Debug|Any CPU
		{953524DD-C19A-4267-83D5-CC570F2BC9F5}.Debug|Any CPU.Build.0 = Debug|Any CPU
		{953524DD-C19A-4267-83D5-CC570F2BC9F5}.Release|Any CPU.ActiveCfg = Release|Any CPU
		{953524DD-C19A-4267-83D5-CC570F2BC9F5}.Release|Any CPU.Build.0 = Release|Any CPU
		{8A5F9D02-7C28-4DBB-8DF9-9F46EB7BF850}.Debug|Any CPU.ActiveCfg = Debug|Any CPU
		{8A5F9D02-7C28-4DBB-8DF9-9F46EB7BF850}.Debug|Any CPU.Build.0 = Debug|Any CPU
		{8A5F9D02-7C28-4DBB-8DF9-9F46EB7BF850}.Release|Any CPU.ActiveCfg = Release|Any CPU
		{8A5F9D02-7C28-4DBB-8DF9-9F46EB7BF850}.Release|Any CPU.Build.0 = Release|Any CPU
	EndGlobalSection
	GlobalSection(SolutionProperties) = preSolution
		HideSolutionNode = FALSE
	EndGlobalSection
	GlobalSection(ExtensibilityGlobals) = postSolution
		SolutionGuid = {45CFDC7A-F1AA-4C26-A4F1-DA32D732079C}
	EndGlobalSection
EndGlobal
