
Microsoft Visual Studio Solution File, Format Version 12.00
# Visual Studio Version 16
VisualStudioVersion = 16.0.33529.622
MinimumVisualStudioVersion = 10.0.40219.1
Project("{FAE04EC0-301F-11D3-BF4B-00C04F79EFBC}") = "Lab2Ex5", "Lab2Ex5\Lab2Ex5.csproj", "{D727DF30-C2FA-4D5D-95B3-043C081C3AF4}"
EndProject
Global
	GlobalSection(SolutionConfigurationPlatforms) = preSolution
		Debug|Any CPU = Debug|Any CPU
		Release|Any CPU = Release|Any CPU
	EndGlobalSection
	GlobalSection(ProjectConfigurationPlatforms) = postSolution
		{D727DF30-C2FA-4D5D-95B3-043C081C3AF4}.Debug|Any CPU.ActiveCfg = Debug|Any CPU
		{D727DF30-C2FA-4D5D-95B3-043C081C3AF4}.Debug|Any CPU.Build.0 = Debug|Any CPU
		{D727DF30-C2FA-4D5D-95B3-043C081C3AF4}.Release|Any CPU.ActiveCfg = Release|Any CPU
		{D727DF30-C2FA-4D5D-95B3-043C081C3AF4}.Release|Any CPU.Build.0 = Release|Any CPU
	EndGlobalSection
	GlobalSection(SolutionProperties) = preSolution
		HideSolutionNode = FALSE
	EndGlobalSection
	GlobalSection(ExtensibilityGlobals) = postSolution
		SolutionGuid = {526E8B07-F27D-43D4-B7E1-FAE91163B3B4}
	EndGlobalSection
EndGlobal
