
Microsoft Visual Studio Solution File, Format Version 12.00
# Visual Studio Version 16
VisualStudioVersion = 16.0.33529.622
MinimumVisualStudioVersion = 10.0.40219.1
Project("{FAE04EC0-301F-11D3-BF4B-00C04F79EFBC}") = "Lab3Ex8", "Lab3Ex8\Lab3Ex8.csproj", "{859A9EB8-1340-4798-9583-6C2082DBB894}"
EndProject
Global
	GlobalSection(SolutionConfigurationPlatforms) = preSolution
		Debug|Any CPU = Debug|Any CPU
		Release|Any CPU = Release|Any CPU
	EndGlobalSection
	GlobalSection(ProjectConfigurationPlatforms) = postSolution
		{859A9EB8-1340-4798-9583-6C2082DBB894}.Debug|Any CPU.ActiveCfg = Debug|Any CPU
		{859A9EB8-1340-4798-9583-6C2082DBB894}.Debug|Any CPU.Build.0 = Debug|Any CPU
		{859A9EB8-1340-4798-9583-6C2082DBB894}.Release|Any CPU.ActiveCfg = Release|Any CPU
		{859A9EB8-1340-4798-9583-6C2082DBB894}.Release|Any CPU.Build.0 = Release|Any CPU
	EndGlobalSection
	GlobalSection(SolutionProperties) = preSolution
		HideSolutionNode = FALSE
	EndGlobalSection
	GlobalSection(ExtensibilityGlobals) = postSolution
		SolutionGuid = {DD8F5D90-127E-4342-A263-05485AD6DA95}
	EndGlobalSection
EndGlobal
