
Microsoft Visual Studio Solution File, Format Version 12.00
# Visual Studio Version 16
VisualStudioVersion = 16.0.33529.622
MinimumVisualStudioVersion = 10.0.40219.1
Project("{FAE04EC0-301F-11D3-BF4B-00C04F79EFBC}") = "Lab1Ex3", "Lab1Ex3\Lab1Ex3.csproj", "{B6A9AD14-D68B-4344-AA1D-BBA3344B141B}"
EndProject
Global
	GlobalSection(SolutionConfigurationPlatforms) = preSolution
		Debug|Any CPU = Debug|Any CPU
		Release|Any CPU = Release|Any CPU
	EndGlobalSection
	GlobalSection(ProjectConfigurationPlatforms) = postSolution
		{B6A9AD14-D68B-4344-AA1D-BBA3344B141B}.Debug|Any CPU.ActiveCfg = Debug|Any CPU
		{B6A9AD14-D68B-4344-AA1D-BBA3344B141B}.Debug|Any CPU.Build.0 = Debug|Any CPU
		{B6A9AD14-D68B-4344-AA1D-BBA3344B141B}.Release|Any CPU.ActiveCfg = Release|Any CPU
		{B6A9AD14-D68B-4344-AA1D-BBA3344B141B}.Release|Any CPU.Build.0 = Release|Any CPU
	EndGlobalSection
	GlobalSection(SolutionProperties) = preSolution
		HideSolutionNode = FALSE
	EndGlobalSection
	GlobalSection(ExtensibilityGlobals) = postSolution
		SolutionGuid = {68C4DF35-79F7-42AE-A78B-A6D8A1E79142}
	EndGlobalSection
EndGlobal
